
Microsoft Visual Studio Solution File, Format Version 12.00
# Visual Studio Version 16
VisualStudioVersion = 16.0.30406.217
MinimumVisualStudioVersion = 10.0.40219.1
Project("{FAE04EC0-301F-11D3-BF4B-00C04F79EFBC}") = "PlayGround", "PlayGround\PlayGround.csproj", "{2045C3FC-1900-4E20-B806-62925C9D51EE}"
EndProject
Global
	GlobalSection(SolutionConfigurationPlatforms) = preSolution
		Debug|Any CPU = Debug|Any CPU
		Release|Any CPU = Release|Any CPU
	EndGlobalSection
	GlobalSection(ProjectConfigurationPlatforms) = postSolution
		{2045C3FC-1900-4E20-B806-62925C9D51EE}.Debug|Any CPU.ActiveCfg = Debug|Any CPU
		{2045C3FC-1900-4E20-B806-62925C9D51EE}.Debug|Any CPU.Build.0 = Debug|Any CPU
		{2045C3FC-1900-4E20-B806-62925C9D51EE}.Release|Any CPU.ActiveCfg = Release|Any CPU
		{2045C3FC-1900-4E20-B806-62925C9D51EE}.Release|Any CPU.Build.0 = Release|Any CPU
	EndGlobalSection
	GlobalSection(SolutionProperties) = preSolution
		HideSolutionNode = FALSE
	EndGlobalSection
	GlobalSection(ExtensibilityGlobals) = postSolution
		SolutionGuid = {397AADF8-C546-4A42-A7D7-A9449666034C}
	EndGlobalSection
EndGlobal
