
Microsoft Visual Studio Solution File, Format Version 12.00
# Visual Studio Version 16
VisualStudioVersion = 16.0.30406.217
MinimumVisualStudioVersion = 10.0.40219.1
Project("{9A19103F-16F7-4668-BE54-9A1E7A4F7556}") = "PlayGround", "PlayGround\PlayGround.csproj", "{2045C3FC-1900-4E20-B806-62925C9D51EE}"
EndProject
Project("{9A19103F-16F7-4668-BE54-9A1E7A4F7556}") = "PlayGound.Tests", "PlayGound.Tests\PlayGound.Tests.csproj", "{3BED45FE-6C9C-4D07-B005-27A1CBFCAA7E}"
EndProject
Project("{9A19103F-16F7-4668-BE54-9A1E7A4F7556}") = "AsyncAwait", "AsyncAwait\AsyncAwait.csproj", "{C9B77A44-BFE7-43D3-AC53-DA7A4CA6026A}"
EndProject
Global
	GlobalSection(SolutionConfigurationPlatforms) = preSolution
		Debug|Any CPU = Debug|Any CPU
		Release|Any CPU = Release|Any CPU
	EndGlobalSection
	GlobalSection(ProjectConfigurationPlatforms) = postSolution
		{2045C3FC-1900-4E20-B806-62925C9D51EE}.Debug|Any CPU.ActiveCfg = Debug|Any CPU
		{2045C3FC-1900-4E20-B806-62925C9D51EE}.Debug|Any CPU.Build.0 = Debug|Any CPU
		{2045C3FC-1900-4E20-B806-62925C9D51EE}.Release|Any CPU.ActiveCfg = Release|Any CPU
		{2045C3FC-1900-4E20-B806-62925C9D51EE}.Release|Any CPU.Build.0 = Release|Any CPU
		{3BED45FE-6C9C-4D07-B005-27A1CBFCAA7E}.Debug|Any CPU.ActiveCfg = Debug|Any CPU
		{3BED45FE-6C9C-4D07-B005-27A1CBFCAA7E}.Debug|Any CPU.Build.0 = Debug|Any CPU
		{3BED45FE-6C9C-4D07-B005-27A1CBFCAA7E}.Release|Any CPU.ActiveCfg = Release|Any CPU
		{3BED45FE-6C9C-4D07-B005-27A1CBFCAA7E}.Release|Any CPU.Build.0 = Release|Any CPU
		{C9B77A44-BFE7-43D3-AC53-DA7A4CA6026A}.Debug|Any CPU.ActiveCfg = Debug|Any CPU
		{C9B77A44-BFE7-43D3-AC53-DA7A4CA6026A}.Debug|Any CPU.Build.0 = Debug|Any CPU
		{C9B77A44-BFE7-43D3-AC53-DA7A4CA6026A}.Release|Any CPU.ActiveCfg = Release|Any CPU
		{C9B77A44-BFE7-43D3-AC53-DA7A4CA6026A}.Release|Any CPU.Build.0 = Release|Any CPU
	EndGlobalSection
	GlobalSection(SolutionProperties) = preSolution
		HideSolutionNode = FALSE
	EndGlobalSection
	GlobalSection(ExtensibilityGlobals) = postSolution
		SolutionGuid = {397AADF8-C546-4A42-A7D7-A9449666034C}
	EndGlobalSection
EndGlobal
